
Microsoft Visual Studio Solution File, Format Version 12.00
# Visual Studio Version 17
VisualStudioVersion = 17.8.34511.84
MinimumVisualStudioVersion = 10.0.40219.1
Project("{2150E333-8FDC-42A3-9474-1A3956D46DE8}") = "Solution Items", "Solution Items", "{58250B41-75A3-41EB-AF8E-12045C164830}"
	ProjectSection(SolutionItems) = preProject
		.editorconfig = .editorconfig
	EndProjectSection
EndProject
Project("{2150E333-8FDC-42A3-9474-1A3956D46DE8}") = "src", "src", "{3FD23A0F-A7A2-45C4-8F9E-BD944B7256C2}"
EndProject
Project("{9A19103F-16F7-4668-BE54-9A1E7A4F7556}") = "PixelService", "PixelService\PixelService.csproj", "{B71FDE80-9F0A-4FC4-8583-66424D03C95A}"
EndProject
Project("{9A19103F-16F7-4668-BE54-9A1E7A4F7556}") = "PixelService.Contracts", "PixelService.Contracts\PixelService.Contracts.csproj", "{CA006AA2-01DD-40FB-87EE-96075690ED31}"
EndProject
Global
	GlobalSection(SolutionConfigurationPlatforms) = preSolution
		Debug|Any CPU = Debug|Any CPU
		Release|Any CPU = Release|Any CPU
	EndGlobalSection
	GlobalSection(ProjectConfigurationPlatforms) = postSolution
		{B71FDE80-9F0A-4FC4-8583-66424D03C95A}.Debug|Any CPU.ActiveCfg = Debug|Any CPU
		{B71FDE80-9F0A-4FC4-8583-66424D03C95A}.Debug|Any CPU.Build.0 = Debug|Any CPU
		{B71FDE80-9F0A-4FC4-8583-66424D03C95A}.Release|Any CPU.ActiveCfg = Release|Any CPU
		{B71FDE80-9F0A-4FC4-8583-66424D03C95A}.Release|Any CPU.Build.0 = Release|Any CPU
		{CA006AA2-01DD-40FB-87EE-96075690ED31}.Debug|Any CPU.ActiveCfg = Debug|Any CPU
		{CA006AA2-01DD-40FB-87EE-96075690ED31}.Debug|Any CPU.Build.0 = Debug|Any CPU
		{CA006AA2-01DD-40FB-87EE-96075690ED31}.Release|Any CPU.ActiveCfg = Release|Any CPU
		{CA006AA2-01DD-40FB-87EE-96075690ED31}.Release|Any CPU.Build.0 = Release|Any CPU
	EndGlobalSection
	GlobalSection(SolutionProperties) = preSolution
		HideSolutionNode = FALSE
	EndGlobalSection
	GlobalSection(NestedProjects) = preSolution
		{B71FDE80-9F0A-4FC4-8583-66424D03C95A} = {3FD23A0F-A7A2-45C4-8F9E-BD944B7256C2}
		{CA006AA2-01DD-40FB-87EE-96075690ED31} = {3FD23A0F-A7A2-45C4-8F9E-BD944B7256C2}
	EndGlobalSection
	GlobalSection(ExtensibilityGlobals) = postSolution
		SolutionGuid = {6FD79EA8-52EB-47CE-90AA-FBCE1D8B7587}
	EndGlobalSection
EndGlobal
