
Microsoft Visual Studio Solution File, Format Version 12.00
# Visual Studio Version 17
VisualStudioVersion = 17.8.34511.84
MinimumVisualStudioVersion = 10.0.40219.1
Project("{9A19103F-16F7-4668-BE54-9A1E7A4F7556}") = "StorageService", "StorageService.csproj", "{B39C3933-D046-48C0-A106-727E6A478892}"
EndProject
Project("{9A19103F-16F7-4668-BE54-9A1E7A4F7556}") = "StorageService.Application", "..\StorageService.Application\StorageService.Application.csproj", "{E3334982-FC83-4647-8BEC-881B342EF8F5}"
EndProject
Project("{9A19103F-16F7-4668-BE54-9A1E7A4F7556}") = "StorageService.Infrastructure", "..\StorageService.Infrastructure\StorageService.Infrastructure.csproj", "{4B42F2B2-E48D-421E-B0E4-F91885CEAC68}"
EndProject
Project("{2150E333-8FDC-42A3-9474-1A3956D46DE8}") = "tests", "tests", "{1E2AC8D0-A586-41C6-A4E9-503437F25BBC}"
EndProject
Project("{9A19103F-16F7-4668-BE54-9A1E7A4F7556}") = "StorageService.UnitTests", "..\..\tests\StorageService.UnitTests\StorageService.UnitTests.csproj", "{912A9D08-611E-4162-B8CC-63CC7956CEAF}"
EndProject
Global
	GlobalSection(SolutionConfigurationPlatforms) = preSolution
		Debug|Any CPU = Debug|Any CPU
		Release|Any CPU = Release|Any CPU
	EndGlobalSection
	GlobalSection(ProjectConfigurationPlatforms) = postSolution
		{B39C3933-D046-48C0-A106-727E6A478892}.Debug|Any CPU.ActiveCfg = Debug|Any CPU
		{B39C3933-D046-48C0-A106-727E6A478892}.Debug|Any CPU.Build.0 = Debug|Any CPU
		{B39C3933-D046-48C0-A106-727E6A478892}.Release|Any CPU.ActiveCfg = Release|Any CPU
		{B39C3933-D046-48C0-A106-727E6A478892}.Release|Any CPU.Build.0 = Release|Any CPU
		{E3334982-FC83-4647-8BEC-881B342EF8F5}.Debug|Any CPU.ActiveCfg = Debug|Any CPU
		{E3334982-FC83-4647-8BEC-881B342EF8F5}.Debug|Any CPU.Build.0 = Debug|Any CPU
		{E3334982-FC83-4647-8BEC-881B342EF8F5}.Release|Any CPU.ActiveCfg = Release|Any CPU
		{E3334982-FC83-4647-8BEC-881B342EF8F5}.Release|Any CPU.Build.0 = Release|Any CPU
		{4B42F2B2-E48D-421E-B0E4-F91885CEAC68}.Debug|Any CPU.ActiveCfg = Debug|Any CPU
		{4B42F2B2-E48D-421E-B0E4-F91885CEAC68}.Debug|Any CPU.Build.0 = Debug|Any CPU
		{4B42F2B2-E48D-421E-B0E4-F91885CEAC68}.Release|Any CPU.ActiveCfg = Release|Any CPU
		{4B42F2B2-E48D-421E-B0E4-F91885CEAC68}.Release|Any CPU.Build.0 = Release|Any CPU
		{912A9D08-611E-4162-B8CC-63CC7956CEAF}.Debug|Any CPU.ActiveCfg = Debug|Any CPU
		{912A9D08-611E-4162-B8CC-63CC7956CEAF}.Debug|Any CPU.Build.0 = Debug|Any CPU
		{912A9D08-611E-4162-B8CC-63CC7956CEAF}.Release|Any CPU.ActiveCfg = Release|Any CPU
		{912A9D08-611E-4162-B8CC-63CC7956CEAF}.Release|Any CPU.Build.0 = Release|Any CPU
	EndGlobalSection
	GlobalSection(SolutionProperties) = preSolution
		HideSolutionNode = FALSE
	EndGlobalSection
	GlobalSection(NestedProjects) = preSolution
		{912A9D08-611E-4162-B8CC-63CC7956CEAF} = {1E2AC8D0-A586-41C6-A4E9-503437F25BBC}
	EndGlobalSection
	GlobalSection(ExtensibilityGlobals) = postSolution
		SolutionGuid = {43E2BFB4-10B7-4EC4-AAAC-D7BCD883C178}
	EndGlobalSection
EndGlobal
